// !$*UTF8*$!
{
	archiveVersion = 1;
	classes = {
	};
	objectVersion = 77;
	objects = {

/* Begin PBXBuildFile section */
		EAFC5F912FDBDB1700C3F1AA /* 07545447400-e1.jpg in Resources */ = {isa = PBXBuildFile; fileRef = EAFC5F8E2FDBDB1700C3F1AA /* 07545447400-e1.jpg */; };
		EAFC5F922FDBDB1700C3F1AA /* 09598433800-e1.jpg in Resources */ = {isa = PBXBuildFile; fileRef = EAFC5F8F2FDBDB1700C3F1AA /* 09598433800-e1.jpg */; };
		EAFC5F932FDBDB1700C3F1AA /* 01195264251-e1.jpg in Resources */ = {isa = PBXBuildFile; fileRef = EAFC5F8A2FDBDB1700C3F1AA /* 01195264251-e1.jpg */; };
		EAFC5F942FDBDB1700C3F1AA /* 04187152401-e1.jpg in Resources */ = {isa = PBXBuildFile; fileRef = EAFC5F8C2FDBDB1700C3F1AA /* 04187152401-e1.jpg */; };
		EAFC5F952FDBDB1700C3F1AA /* 05585353822-e1.jpg in Resources */ = {isa = PBXBuildFile; fileRef = EAFC5F8D2FDBDB1700C3F1AA /* 05585353822-e1.jpg */; };
		EAFC5F962FDBDB1700C3F1AA /* 12470720700-e1.jpg in Resources */ = {isa = PBXBuildFile; fileRef = EAFC5F902FDBDB1700C3F1AA /* 12470720700-e1.jpg */; };
		EAFC5F972FDBDB1700C3F1AA /* 01887401250-e1.jpg in Resources */ = {isa = PBXBuildFile; fileRef = EAFC5F8B2FDBDB1700C3F1AA /* 01887401250-e1.jpg */; };
		EAFC5F9B2FDBDB3600C3F1AA /* 스크린샷 2026-06-12 오후 3.06.01.png in Resources */ = {isa = PBXBuildFile; fileRef = EAFC5F982FDBDB3600C3F1AA /* 스크린샷 2026-06-12 오후 3.06.01.png */; };
		EAFC5F9C2FDBDB3600C3F1AA /* 스크린샷 2026-06-12 오후 3.07.15.png in Resources */ = {isa = PBXBuildFile; fileRef = EAFC5F992FDBDB3600C3F1AA /* 스크린샷 2026-06-12 오후 3.07.15.png */; };
		EAFC5F9D2FDBDB3600C3F1AA /* 스크린샷 2026-06-12 오후 3.08.27.png in Resources */ = {isa = PBXBuildFile; fileRef = EAFC5F9A2FDBDB3600C3F1AA /* 스크린샷 2026-06-12 오후 3.08.27.png */; };
		EAFC5FA52FDBDB4700C3F1AA /* 스크린샷 2026-06-12 오후 3.06.23.png in Resources */ = {isa = PBXBuildFile; fileRef = EAFC5FA42FDBDB4700C3F1AA /* 스크린샷 2026-06-12 오후 3.06.23.png */; };
		EAFC5FA62FDBDB4700C3F1AA /* 스크린샷 2026-06-12 오후 3.03.48.png in Resources */ = {isa = PBXBuildFile; fileRef = EAFC5FA32FDBDB4700C3F1AA /* 스크린샷 2026-06-12 오후 3.03.48.png */; };
		EAFC5FA72FDBDB4700C3F1AA /* 스크린샷 2026-06-12 오후 3.01.39.png in Resources */ = {isa = PBXBuildFile; fileRef = EAFC5FA22FDBDB4700C3F1AA /* 스크린샷 2026-06-12 오후 3.01.39.png */; };
		EAFC5FA82FDBDB4700C3F1AA /* 스크린샷 2026-06-12 오후 2.57.31.png in Resources */ = {isa = PBXBuildFile; fileRef = EAFC5F9F2FDBDB4700C3F1AA /* 스크린샷 2026-06-12 오후 2.57.31.png */; };
		EAFC5FA92FDBDB4700C3F1AA /* 스크린샷 2026-06-12 오후 2.55.09.png in Resources */ = {isa = PBXBuildFile; fileRef = EAFC5F9E2FDBDB4700C3F1AA /* 스크린샷 2026-06-12 오후 2.55.09.png */; };
		EAFC5FAA2FDBDB4700C3F1AA /* 스크린샷 2026-06-12 오후 2.57.44.png in Resources */ = {isa = PBXBuildFile; fileRef = EAFC5FA02FDBDB4700C3F1AA /* 스크린샷 2026-06-12 오후 2.57.44.png */; };
		EAFC5FAB2FDBDB4700C3F1AA /* 스크린샷 2026-06-12 오후 3.01.25.png in Resources */ = {isa = PBXBuildFile; fileRef = EAFC5FA12FDBDB4700C3F1AA /* 스크린샷 2026-06-12 오후 3.01.25.png */; };
		EAFC5FAE2FDBDB6000C3F1AA /* 721733551_1567168105050579_1120529186009517731_n.jpg in Resources */ = {isa = PBXBuildFile; fileRef = EAFC5FAD2FDBDB6000C3F1AA /* 721733551_1567168105050579_1120529186009517731_n.jpg */; };
		EAFC5FAF2FDBDB6000C3F1AA /* 720784256_830211956614753_6779283783096364051_n.jpg in Resources */ = {isa = PBXBuildFile; fileRef = EAFC5FAC2FDBDB6000C3F1AA /* 720784256_830211956614753_6779283783096364051_n.jpg */; };
		EAFC5FBA2FDC2C5800C3F1AA /* 04550304401-e1.jpg in Resources */ = {isa = PBXBuildFile; fileRef = EAFC5FB72FDC2C5800C3F1AA /* 04550304401-e1.jpg */; };
		EAFC5FBB2FDC2C5800C3F1AA /* 04020603700-e1.jpg in Resources */ = {isa = PBXBuildFile; fileRef = EAFC5FB62FDC2C5800C3F1AA /* 04020603700-e1.jpg */; };
		EAFC5FBC2FDC2C5800C3F1AA /* 05320302527-e1.jpg in Resources */ = {isa = PBXBuildFile; fileRef = EAFC5FB92FDC2C5800C3F1AA /* 05320302527-e1.jpg */; };
		EAFC5FBD2FDC2C5800C3F1AA /* 05320206509-e1.jpg in Resources */ = {isa = PBXBuildFile; fileRef = EAFC5FB82FDC2C5800C3F1AA /* 05320206509-e1.jpg */; };
/* End PBXBuildFile section */

/* Begin PBXFileReference section */
		EA22C8A82FD56D7000130D82 /* Wearther.app */ = {isa = PBXFileReference; explicitFileType = wrapper.application; includeInIndex = 0; path = Wearther.app; sourceTree = BUILT_PRODUCTS_DIR; };
		EAFC5F8A2FDBDB1700C3F1AA /* 01195264251-e1.jpg */ = {isa = PBXFileReference; lastKnownFileType = image.jpeg; path = "01195264251-e1.jpg"; sourceTree = "<group>"; };
		EAFC5F8B2FDBDB1700C3F1AA /* 01887401250-e1.jpg */ = {isa = PBXFileReference; lastKnownFileType = image.jpeg; path = "01887401250-e1.jpg"; sourceTree = "<group>"; };
		EAFC5F8C2FDBDB1700C3F1AA /* 04187152401-e1.jpg */ = {isa = PBXFileReference; lastKnownFileType = image.jpeg; path = "04187152401-e1.jpg"; sourceTree = "<group>"; };
		EAFC5F8D2FDBDB1700C3F1AA /* 05585353822-e1.jpg */ = {isa = PBXFileReference; lastKnownFileType = image.jpeg; path = "05585353822-e1.jpg"; sourceTree = "<group>"; };
		EAFC5F8E2FDBDB1700C3F1AA /* 07545447400-e1.jpg */ = {isa = PBXFileReference; lastKnownFileType = image.jpeg; path = "07545447400-e1.jpg"; sourceTree = "<group>"; };
		EAFC5F8F2FDBDB1700C3F1AA /* 09598433800-e1.jpg */ = {isa = PBXFileReference; lastKnownFileType = image.jpeg; path = "09598433800-e1.jpg"; sourceTree = "<group>"; };
		EAFC5F902FDBDB1700C3F1AA /* 12470720700-e1.jpg */ = {isa = PBXFileReference; lastKnownFileType = image.jpeg; path = "12470720700-e1.jpg"; sourceTree = "<group>"; };
		EAFC5F982FDBDB3600C3F1AA /* 스크린샷 2026-06-12 오후 3.06.01.png */ = {isa = PBXFileReference; lastKnownFileType = image.png; path = "스크린샷 2026-06-12 오후 3.06.01.png"; sourceTree = "<group>"; };
		EAFC5F992FDBDB3600C3F1AA /* 스크린샷 2026-06-12 오후 3.07.15.png */ = {isa = PBXFileReference; lastKnownFileType = image.png; path = "스크린샷 2026-06-12 오후 3.07.15.png"; sourceTree = "<group>"; };
		EAFC5F9A2FDBDB3600C3F1AA /* 스크린샷 2026-06-12 오후 3.08.27.png */ = {isa = PBXFileReference; lastKnownFileType = image.png; path = "스크린샷 2026-06-12 오후 3.08.27.png"; sourceTree = "<group>"; };
		EAFC5F9E2FDBDB4700C3F1AA /* 스크린샷 2026-06-12 오후 2.55.09.png */ = {isa = PBXFileReference; lastKnownFileType = image.png; path = "스크린샷 2026-06-12 오후 2.55.09.png"; sourceTree = "<group>"; };
		EAFC5F9F2FDBDB4700C3F1AA /* 스크린샷 2026-06-12 오후 2.57.31.png */ = {isa = PBXFileReference; lastKnownFileType = image.png; path = "스크린샷 2026-06-12 오후 2.57.31.png"; sourceTree = "<group>"; };
		EAFC5FA02FDBDB4700C3F1AA /* 스크린샷 2026-06-12 오후 2.57.44.png */ = {isa = PBXFileReference; lastKnownFileType = image.png; path = "스크린샷 2026-06-12 오후 2.57.44.png"; sourceTree = "<group>"; };
		EAFC5FA12FDBDB4700C3F1AA /* 스크린샷 2026-06-12 오후 3.01.25.png */ = {isa = PBXFileReference; lastKnownFileType = image.png; path = "스크린샷 2026-06-12 오후 3.01.25.png"; sourceTree = "<group>"; };
		EAFC5FA22FDBDB4700C3F1AA /* 스크린샷 2026-06-12 오후 3.01.39.png */ = {isa = PBXFileReference; lastKnownFileType = image.png; path = "스크린샷 2026-06-12 오후 3.01.39.png"; sourceTree = "<group>"; };
		EAFC5FA32FDBDB4700C3F1AA /* 스크린샷 2026-06-12 오후 3.03.48.png */ = {isa = PBXFileReference; lastKnownFileType = image.png; path = "스크린샷 2026-06-12 오후 3.03.48.png"; sourceTree = "<group>"; };
		EAFC5FA42FDBDB4700C3F1AA /* 스크린샷 2026-06-12 오후 3.06.23.png */ = {isa = PBXFileReference; lastKnownFileType = image.png; path = "스크린샷 2026-06-12 오후 3.06.23.png"; sourceTree = "<group>"; };
		EAFC5FAC2FDBDB6000C3F1AA /* 720784256_830211956614753_6779283783096364051_n.jpg */ = {isa = PBXFileReference; lastKnownFileType = image.jpeg; path = 720784256_830211956614753_6779283783096364051_n.jpg; sourceTree = "<group>"; };
		EAFC5FAD2FDBDB6000C3F1AA /* 721733551_1567168105050579_1120529186009517731_n.jpg */ = {isa = PBXFileReference; lastKnownFileType = image.jpeg; path = 721733551_1567168105050579_1120529186009517731_n.jpg; sourceTree = "<group>"; };
		EAFC5FB62FDC2C5800C3F1AA /* 04020603700-e1.jpg */ = {isa = PBXFileReference; lastKnownFileType = image.jpeg; path = "04020603700-e1.jpg"; sourceTree = "<group>"; };
		EAFC5FB72FDC2C5800C3F1AA /* 04550304401-e1.jpg */ = {isa = PBXFileReference; lastKnownFileType = image.jpeg; path = "04550304401-e1.jpg"; sourceTree = "<group>"; };
		EAFC5FB82FDC2C5800C3F1AA /* 05320206509-e1.jpg */ = {isa = PBXFileReference; lastKnownFileType = image.jpeg; path = "05320206509-e1.jpg"; sourceTree = "<group>"; };
		EAFC5FB92FDC2C5800C3F1AA /* 05320302527-e1.jpg */ = {isa = PBXFileReference; lastKnownFileType = image.jpeg; path = "05320302527-e1.jpg"; sourceTree = "<group>"; };
/* End PBXFileReference section */

/* Begin PBXFileSystemSynchronizedBuildFileExceptionSet section */
		EA22C8BA2FD56D7100130D82 /* Exceptions for "Wearther" folder in "Wearther" target */ = {
			isa = PBXFileSystemSynchronizedBuildFileExceptionSet;
			membershipExceptions = (
				Info.plist,
			);
			target = EA22C8A72FD56D7000130D82 /* Wearther */;
		};
/* End PBXFileSystemSynchronizedBuildFileExceptionSet section */

/* Begin PBXFileSystemSynchronizedRootGroup section */
		EA22C8AA2FD56D7000130D82 /* Wearther */ = {
			isa = PBXFileSystemSynchronizedRootGroup;
			exceptions = (
				EA22C8BA2FD56D7100130D82 /* Exceptions for "Wearther" folder in "Wearther" target */,
			);
			path = Wearther;
			sourceTree = "<group>";
		};
/* End PBXFileSystemSynchronizedRootGroup section */

/* Begin PBXFrameworksBuildPhase section */
		EA22C8A52FD56D7000130D82 /* Frameworks */ = {
			isa = PBXFrameworksBuildPhase;
			buildActionMask = 2147483647;
			files = (
			);
			runOnlyForDeploymentPostprocessing = 0;
		};
/* End PBXFrameworksBuildPhase section */

/* Begin PBXGroup section */
		EA22C89F2FD56D7000130D82 = {
			isa = PBXGroup;
			children = (
				EAFC5F872FDBDAC900C3F1AA /* asset */,
				EA22C8AA2FD56D7000130D82 /* Wearther */,
				EA22C8A92FD56D7000130D82 /* Products */,
			);
			sourceTree = "<group>";
		};
		EA22C8A92FD56D7000130D82 /* Products */ = {
			isa = PBXGroup;
			children = (
				EA22C8A82FD56D7000130D82 /* Wearther.app */,
			);
			name = Products;
			sourceTree = "<group>";
		};
		EAFC5F872FDBDAC900C3F1AA /* asset */ = {
			isa = PBXGroup;
			children = (
				EAFC5F892FDBDAFD00C3F1AA /* Item */,
				EAFC5F882FDBDADE00C3F1AA /* LookBook */,
			);
			path = asset;
			sourceTree = "<group>";
		};
		EAFC5F882FDBDADE00C3F1AA /* LookBook */ = {
			isa = PBXGroup;
			children = (
				EAFC5F9E2FDBDB4700C3F1AA /* 스크린샷 2026-06-12 오후 2.55.09.png */,
				EAFC5FAC2FDBDB6000C3F1AA /* 720784256_830211956614753_6779283783096364051_n.jpg */,
				EAFC5FAD2FDBDB6000C3F1AA /* 721733551_1567168105050579_1120529186009517731_n.jpg */,
				EAFC5F9F2FDBDB4700C3F1AA /* 스크린샷 2026-06-12 오후 2.57.31.png */,
				EAFC5FA02FDBDB4700C3F1AA /* 스크린샷 2026-06-12 오후 2.57.44.png */,
				EAFC5FA12FDBDB4700C3F1AA /* 스크린샷 2026-06-12 오후 3.01.25.png */,
				EAFC5FA22FDBDB4700C3F1AA /* 스크린샷 2026-06-12 오후 3.01.39.png */,
				EAFC5FA32FDBDB4700C3F1AA /* 스크린샷 2026-06-12 오후 3.03.48.png */,
				EAFC5FA42FDBDB4700C3F1AA /* 스크린샷 2026-06-12 오후 3.06.23.png */,
			);
			path = LookBook;
			sourceTree = "<group>";
		};
		EAFC5F892FDBDAFD00C3F1AA /* Item */ = {
			isa = PBXGroup;
			children = (
				EAFC5FB62FDC2C5800C3F1AA /* 04020603700-e1.jpg */,
				EAFC5FB72FDC2C5800C3F1AA /* 04550304401-e1.jpg */,
				EAFC5FB82FDC2C5800C3F1AA /* 05320206509-e1.jpg */,
				EAFC5FB92FDC2C5800C3F1AA /* 05320302527-e1.jpg */,
				EAFC5F8A2FDBDB1700C3F1AA /* 01195264251-e1.jpg */,
				EAFC5F8B2FDBDB1700C3F1AA /* 01887401250-e1.jpg */,
				EAFC5F8C2FDBDB1700C3F1AA /* 04187152401-e1.jpg */,
				EAFC5F8D2FDBDB1700C3F1AA /* 05585353822-e1.jpg */,
				EAFC5F8E2FDBDB1700C3F1AA /* 07545447400-e1.jpg */,
				EAFC5F8F2FDBDB1700C3F1AA /* 09598433800-e1.jpg */,
				EAFC5F902FDBDB1700C3F1AA /* 12470720700-e1.jpg */,
				EAFC5F982FDBDB3600C3F1AA /* 스크린샷 2026-06-12 오후 3.06.01.png */,
				EAFC5F992FDBDB3600C3F1AA /* 스크린샷 2026-06-12 오후 3.07.15.png */,
				EAFC5F9A2FDBDB3600C3F1AA /* 스크린샷 2026-06-12 오후 3.08.27.png */,
			);
			path = Item;
			sourceTree = "<group>";
		};
/* End PBXGroup section */

/* Begin PBXNativeTarget section */
		EA22C8A72FD56D7000130D82 /* Wearther */ = {
			isa = PBXNativeTarget;
			buildConfigurationList = EA22C8BB2FD56D7100130D82 /* Build configuration list for PBXNativeTarget "Wearther" */;
			buildPhases = (
				EA22C8A42FD56D7000130D82 /* Sources */,
				EA22C8A52FD56D7000130D82 /* Frameworks */,
				EA22C8A62FD56D7000130D82 /* Resources */,
			);
			buildRules = (
			);
			dependencies = (
			);
			fileSystemSynchronizedGroups = (
				EA22C8AA2FD56D7000130D82 /* Wearther */,
			);
			name = Wearther;
			packageProductDependencies = (
			);
			productName = Wearther;
			productReference = EA22C8A82FD56D7000130D82 /* Wearther.app */;
			productType = "com.apple.product-type.application";
		};
/* End PBXNativeTarget section */

/* Begin PBXProject section */
		EA22C8A02FD56D7000130D82 /* Project object */ = {
			isa = PBXProject;
			attributes = {
				BuildIndependentTargetsInParallel = 1;
				LastSwiftUpdateCheck = 2650;
				LastUpgradeCheck = 2650;
				TargetAttributes = {
					EA22C8A72FD56D7000130D82 = {
						CreatedOnToolsVersion = 26.5;
					};
				};
			};
			buildConfigurationList = EA22C8A32FD56D7000130D82 /* Build configuration list for PBXProject "Wearther" */;
			developmentRegion = en;
			hasScannedForEncodings = 0;
			knownRegions = (
				en,
				Base,
			);
			mainGroup = EA22C89F2FD56D7000130D82;
			minimizedProjectReferenceProxies = 1;
			preferredProjectObjectVersion = 77;
			productRefGroup = EA22C8A92FD56D7000130D82 /* Products */;
			projectDirPath = "";
			projectRoot = "";
			targets = (
				EA22C8A72FD56D7000130D82 /* Wearther */,
			);
		};
/* End PBXProject section */

/* Begin PBXResourcesBuildPhase section */
		EA22C8A62FD56D7000130D82 /* Resources */ = {
			isa = PBXResourcesBuildPhase;
			buildActionMask = 2147483647;
			files = (
				EAFC5FA52FDBDB4700C3F1AA /* 스크린샷 2026-06-12 오후 3.06.23.png in Resources */,
				EAFC5FA62FDBDB4700C3F1AA /* 스크린샷 2026-06-12 오후 3.03.48.png in Resources */,
				EAFC5FA72FDBDB4700C3F1AA /* 스크린샷 2026-06-12 오후 3.01.39.png in Resources */,
				EAFC5FA82FDBDB4700C3F1AA /* 스크린샷 2026-06-12 오후 2.57.31.png in Resources */,
				EAFC5FA92FDBDB4700C3F1AA /* 스크린샷 2026-06-12 오후 2.55.09.png in Resources */,
				EAFC5FBA2FDC2C5800C3F1AA /* 04550304401-e1.jpg in Resources */,
				EAFC5FBB2FDC2C5800C3F1AA /* 04020603700-e1.jpg in Resources */,
				EAFC5FBC2FDC2C5800C3F1AA /* 05320302527-e1.jpg in Resources */,
				EAFC5FBD2FDC2C5800C3F1AA /* 05320206509-e1.jpg in Resources */,
				EAFC5FAA2FDBDB4700C3F1AA /* 스크린샷 2026-06-12 오후 2.57.44.png in Resources */,
				EAFC5FAB2FDBDB4700C3F1AA /* 스크린샷 2026-06-12 오후 3.01.25.png in Resources */,
				EAFC5F912FDBDB1700C3F1AA /* 07545447400-e1.jpg in Resources */,
				EAFC5F922FDBDB1700C3F1AA /* 09598433800-e1.jpg in Resources */,
				EAFC5F9B2FDBDB3600C3F1AA /* 스크린샷 2026-06-12 오후 3.06.01.png in Resources */,
				EAFC5F9C2FDBDB3600C3F1AA /* 스크린샷 2026-06-12 오후 3.07.15.png in Resources */,
				EAFC5F9D2FDBDB3600C3F1AA /* 스크린샷 2026-06-12 오후 3.08.27.png in Resources */,
				EAFC5F932FDBDB1700C3F1AA /* 01195264251-e1.jpg in Resources */,
				EAFC5F942FDBDB1700C3F1AA /* 04187152401-e1.jpg in Resources */,
				EAFC5F952FDBDB1700C3F1AA /* 05585353822-e1.jpg in Resources */,
				EAFC5F962FDBDB1700C3F1AA /* 12470720700-e1.jpg in Resources */,
				EAFC5F972FDBDB1700C3F1AA /* 01887401250-e1.jpg in Resources */,
				EAFC5FAE2FDBDB6000C3F1AA /* 721733551_1567168105050579_1120529186009517731_n.jpg in Resources */,
				EAFC5FAF2FDBDB6000C3F1AA /* 720784256_830211956614753_6779283783096364051_n.jpg in Resources */,
			);
			runOnlyForDeploymentPostprocessing = 0;
		};
/* End PBXResourcesBuildPhase section */

/* Begin PBXSourcesBuildPhase section */
		EA22C8A42FD56D7000130D82 /* Sources */ = {
			isa = PBXSourcesBuildPhase;
			buildActionMask = 2147483647;
			files = (
			);
			runOnlyForDeploymentPostprocessing = 0;
		};
/* End PBXSourcesBuildPhase section */

/* Begin XCBuildConfiguration section */
		EA22C8BC2FD56D7100130D82 /* Debug */ = {
			isa = XCBuildConfiguration;
			buildSettings = {
				ASSETCATALOG_COMPILER_APPICON_NAME = AppIcon;
				ASSETCATALOG_COMPILER_GLOBAL_ACCENT_COLOR_NAME = AccentColor;
				CODE_SIGN_STYLE = Automatic;
				CURRENT_PROJECT_VERSION = 1;
				DEVELOPMENT_TEAM = J8UTLCC2FZ;
				GENERATE_INFOPLIST_FILE = YES;
				INFOPLIST_FILE = Wearther/Info.plist;
				INFOPLIST_KEY_UIApplicationSupportsIndirectInputEvents = YES;
				INFOPLIST_KEY_UILaunchStoryboardName = LaunchScreen;
				INFOPLIST_KEY_UIMainStoryboardFile = Main;
				INFOPLIST_KEY_UISupportedInterfaceOrientations_iPad = "UIInterfaceOrientationPortrait UIInterfaceOrientationPortraitUpsideDown UIInterfaceOrientationLandscapeLeft UIInterfaceOrientationLandscapeRight";
				INFOPLIST_KEY_UISupportedInterfaceOrientations_iPhone = "UIInterfaceOrientationPortrait UIInterfaceOrientationLandscapeLeft UIInterfaceOrientationLandscapeRight";
				LD_RUNPATH_SEARCH_PATHS = (
					"$(inherited)",
					"@executable_path/Frameworks",
				);
				MARKETING_VERSION = 1.0;
				PRODUCT_BUNDLE_IDENTIFIER = "rlatmddbs02-hansung.ac.kr.Wearther";
				PRODUCT_NAME = "$(TARGET_NAME)";
				STRING_CATALOG_GENERATE_SYMBOLS = YES;
				SWIFT_APPROACHABLE_CONCURRENCY = YES;
				SWIFT_DEFAULT_ACTOR_ISOLATION = MainActor;
				SWIFT_EMIT_LOC_STRINGS = YES;
				SWIFT_UPCOMING_FEATURE_MEMBER_IMPORT_VISIBILITY = YES;
				SWIFT_VERSION = 5.0;
				TARGETED_DEVICE_FAMILY = "1,2";
			};
			name = Debug;
		};
		EA22C8BD2FD56D7100130D82 /* Release */ = {
			isa = XCBuildConfiguration;
			buildSettings = {
				ASSETCATALOG_COMPILER_APPICON_NAME = AppIcon;
				ASSETCATALOG_COMPILER_GLOBAL_ACCENT_COLOR_NAME = AccentColor;
				CODE_SIGN_STYLE = Automatic;
				CURRENT_PROJECT_VERSION = 1;
				DEVELOPMENT_TEAM = J8UTLCC2FZ;
				GENERATE_INFOPLIST_FILE = YES;
				INFOPLIST_FILE = Wearther/Info.plist;
				INFOPLIST_KEY_UIApplicationSupportsIndirectInputEvents = YES;
				INFOPLIST_KEY_UILaunchStoryboardName = LaunchScreen;
				INFOPLIST_KEY_UIMainStoryboardFile = Main;
				INFOPLIST_KEY_UISupportedInterfaceOrientations_iPad = "UIInterfaceOrientationPortrait UIInterfaceOrientationPortraitUpsideDown UIInterfaceOrientationLandscapeLeft UIInterfaceOrientationLandscapeRight";
				INFOPLIST_KEY_UISupportedInterfaceOrientations_iPhone = "UIInterfaceOrientationPortrait UIInterfaceOrientationLandscapeLeft UIInterfaceOrientationLandscapeRight";
				LD_RUNPATH_SEARCH_PATHS = (
					"$(inherited)",
					"@executable_path/Frameworks",
				);
				MARKETING_VERSION = 1.0;
				PRODUCT_BUNDLE_IDENTIFIER = "rlatmddbs02-hansung.ac.kr.Wearther";
				PRODUCT_NAME = "$(TARGET_NAME)";
				STRING_CATALOG_GENERATE_SYMBOLS = YES;
				SWIFT_APPROACHABLE_CONCURRENCY = YES;
				SWIFT_DEFAULT_ACTOR_ISOLATION = MainActor;
				SWIFT_EMIT_LOC_STRINGS = YES;
				SWIFT_UPCOMING_FEATURE_MEMBER_IMPORT_VISIBILITY = YES;
				SWIFT_VERSION = 5.0;
				TARGETED_DEVICE_FAMILY = "1,2";
			};
			name = Release;
		};
		EA22C8BE2FD56D7100130D82 /* Debug */ = {
			isa = XCBuildConfiguration;
			buildSettings = {
				ALWAYS_SEARCH_USER_PATHS = NO;
				ASSETCATALOG_COMPILER_GENERATE_SWIFT_ASSET_SYMBOL_EXTENSIONS = YES;
				CLANG_ANALYZER_NONNULL = YES;
				CLANG_ANALYZER_NUMBER_OBJECT_CONVERSION = YES_AGGRESSIVE;
				CLANG_CXX_LANGUAGE_STANDARD = "gnu++20";
				CLANG_ENABLE_MODULES = YES;
				CLANG_ENABLE_OBJC_ARC = YES;
				CLANG_ENABLE_OBJC_WEAK = YES;
				CLANG_WARN_BLOCK_CAPTURE_AUTORELEASING = YES;
				CLANG_WARN_BOOL_CONVERSION = YES;
				CLANG_WARN_COMMA = YES;
				CLANG_WARN_CONSTANT_CONVERSION = YES;
				CLANG_WARN_DEPRECATED_OBJC_IMPLEMENTATIONS = YES;
				CLANG_WARN_DIRECT_OBJC_ISA_USAGE = YES_ERROR;
				CLANG_WARN_DOCUMENTATION_COMMENTS = YES;
				CLANG_WARN_EMPTY_BODY = YES;
				CLANG_WARN_ENUM_CONVERSION = YES;
				CLANG_WARN_INFINITE_RECURSION = YES;
				CLANG_WARN_INT_CONVERSION = YES;
				CLANG_WARN_NON_LITERAL_NULL_CONVERSION = YES;
				CLANG_WARN_OBJC_IMPLICIT_RETAIN_SELF = YES;
				CLANG_WARN_OBJC_LITERAL_CONVERSION = YES;
				CLANG_WARN_OBJC_ROOT_CLASS = YES_ERROR;
				CLANG_WARN_QUOTED_INCLUDE_IN_FRAMEWORK_HEADER = YES;
				CLANG_WARN_RANGE_LOOP_ANALYSIS = YES;
				CLANG_WARN_STRICT_PROTOTYPES = YES;
				CLANG_WARN_SUSPICIOUS_MOVE = YES;
				CLANG_WARN_UNGUARDED_AVAILABILITY = YES_AGGRESSIVE;
				CLANG_WARN_UNREACHABLE_CODE = YES;
				CLANG_WARN__DUPLICATE_METHOD_MATCH = YES;
				COPY_PHASE_STRIP = NO;
				DEBUG_INFORMATION_FORMAT = dwarf;
				ENABLE_STRICT_OBJC_MSGSEND = YES;
				ENABLE_TESTABILITY = YES;
				ENABLE_USER_SCRIPT_SANDBOXING = YES;
				GCC_C_LANGUAGE_STANDARD = gnu17;
				GCC_DYNAMIC_NO_PIC = NO;
				GCC_NO_COMMON_BLOCKS = YES;
				GCC_OPTIMIZATION_LEVEL = 0;
				GCC_PREPROCESSOR_DEFINITIONS = (
					"DEBUG=1",
					"$(inherited)",
				);
				GCC_WARN_64_TO_32_BIT_CONVERSION = YES;
				GCC_WARN_ABOUT_RETURN_TYPE = YES_ERROR;
				GCC_WARN_UNDECLARED_SELECTOR = YES;
				GCC_WARN_UNINITIALIZED_AUTOS = YES_AGGRESSIVE;
				GCC_WARN_UNUSED_FUNCTION = YES;
				GCC_WARN_UNUSED_VARIABLE = YES;
				IPHONEOS_DEPLOYMENT_TARGET = 26.5;
				LOCALIZATION_PREFERS_STRING_CATALOGS = YES;
				MTL_ENABLE_DEBUG_INFO = INCLUDE_SOURCE;
				MTL_FAST_MATH = YES;
				ONLY_ACTIVE_ARCH = YES;
				SDKROOT = iphoneos;
				SWIFT_ACTIVE_COMPILATION_CONDITIONS = "DEBUG $(inherited)";
				SWIFT_OPTIMIZATION_LEVEL = "-Onone";
			};
			name = Debug;
		};
		EA22C8BF2FD56D7100130D82 /* Release */ = {
			isa = XCBuildConfiguration;
			buildSettings = {
				ALWAYS_SEARCH_USER_PATHS = NO;
				ASSETCATALOG_COMPILER_GENERATE_SWIFT_ASSET_SYMBOL_EXTENSIONS = YES;
				CLANG_ANALYZER_NONNULL = YES;
				CLANG_ANALYZER_NUMBER_OBJECT_CONVERSION = YES_AGGRESSIVE;
				CLANG_CXX_LANGUAGE_STANDARD = "gnu++20";
				CLANG_ENABLE_MODULES = YES;
				CLANG_ENABLE_OBJC_ARC = YES;
				CLANG_ENABLE_OBJC_WEAK = YES;
				CLANG_WARN_BLOCK_CAPTURE_AUTORELEASING = YES;
				CLANG_WARN_BOOL_CONVERSION = YES;
				CLANG_WARN_COMMA = YES;
				CLANG_WARN_CONSTANT_CONVERSION = YES;
				CLANG_WARN_DEPRECATED_OBJC_IMPLEMENTATIONS = YES;
				CLANG_WARN_DIRECT_OBJC_ISA_USAGE = YES_ERROR;
				CLANG_WARN_DOCUMENTATION_COMMENTS = YES;
				CLANG_WARN_EMPTY_BODY = YES;
				CLANG_WARN_ENUM_CONVERSION = YES;
				CLANG_WARN_INFINITE_RECURSION = YES;
				CLANG_WARN_INT_CONVERSION = YES;
				CLANG_WARN_NON_LITERAL_NULL_CONVERSION = YES;
				CLANG_WARN_OBJC_IMPLICIT_RETAIN_SELF = YES;
				CLANG_WARN_OBJC_LITERAL_CONVERSION = YES;
				CLANG_WARN_OBJC_ROOT_CLASS = YES_ERROR;
				CLANG_WARN_QUOTED_INCLUDE_IN_FRAMEWORK_HEADER = YES;
				CLANG_WARN_RANGE_LOOP_ANALYSIS = YES;
				CLANG_WARN_STRICT_PROTOTYPES = YES;
				CLANG_WARN_SUSPICIOUS_MOVE = YES;
				CLANG_WARN_UNGUARDED_AVAILABILITY = YES_AGGRESSIVE;
				CLANG_WARN_UNREACHABLE_CODE = YES;
				CLANG_WARN__DUPLICATE_METHOD_MATCH = YES;
				COPY_PHASE_STRIP = NO;
				DEBUG_INFORMATION_FORMAT = "dwarf-with-dsym";
				ENABLE_NS_ASSERTIONS = NO;
				ENABLE_STRICT_OBJC_MSGSEND = YES;
				ENABLE_USER_SCRIPT_SANDBOXING = YES;
				GCC_C_LANGUAGE_STANDARD = gnu17;
				GCC_NO_COMMON_BLOCKS = YES;
				GCC_WARN_64_TO_32_BIT_CONVERSION = YES;
				GCC_WARN_ABOUT_RETURN_TYPE = YES_ERROR;
				GCC_WARN_UNDECLARED_SELECTOR = YES;
				GCC_WARN_UNINITIALIZED_AUTOS = YES_AGGRESSIVE;
				GCC_WARN_UNUSED_FUNCTION = YES;
				GCC_WARN_UNUSED_VARIABLE = YES;
				IPHONEOS_DEPLOYMENT_TARGET = 26.5;
				LOCALIZATION_PREFERS_STRING_CATALOGS = YES;
				MTL_ENABLE_DEBUG_INFO = NO;
				MTL_FAST_MATH = YES;
				SDKROOT = iphoneos;
				SWIFT_COMPILATION_MODE = wholemodule;
				VALIDATE_PRODUCT = YES;
			};
			name = Release;
		};
/* End XCBuildConfiguration section */

/* Begin XCConfigurationList section */
		EA22C8A32FD56D7000130D82 /* Build configuration list for PBXProject "Wearther" */ = {
			isa = XCConfigurationList;
			buildConfigurations = (
				EA22C8BE2FD56D7100130D82 /* Debug */,
				EA22C8BF2FD56D7100130D82 /* Release */,
			);
			defaultConfigurationIsVisible = 0;
			defaultConfigurationName = Release;
		};
		EA22C8BB2FD56D7100130D82 /* Build configuration list for PBXNativeTarget "Wearther" */ = {
			isa = XCConfigurationList;
			buildConfigurations = (
				EA22C8BC2FD56D7100130D82 /* Debug */,
				EA22C8BD2FD56D7100130D82 /* Release */,
			);
			defaultConfigurationIsVisible = 0;
			defaultConfigurationName = Release;
		};
/* End XCConfigurationList section */
	};
	rootObject = EA22C8A02FD56D7000130D82 /* Project object */;
}
